{
    "_readme": [
        "This file locks the dependencies of your project to a known state",
        "Read more about it at https://getcomposer.org/doc/01-basic-usage.md#installing-dependencies",
        "This file is @generated automatically"
    ],
    "content-hash": "9ba981e59e20c263d7b3b1c03296ec4a",
    "packages": [
        {
            "name": "bacon/bacon-qr-code",
            "version": "1.0.3",
            "source": {
                "type": "git",
                "url": "https://github.com/Bacon/BaconQrCode.git",
                "reference": "5a91b62b9d37cee635bbf8d553f4546057250bee"
            },
            "dist": {
                "type": "zip",
                "url": "https://api.github.com/repos/Bacon/BaconQrCode/zipball/5a91b62b9d37cee635bbf8d553f4546057250bee",
                "reference": "5a91b62b9d37cee635bbf8d553f4546057250bee",
                "shasum": ""
            },
            "require": {
                "ext-iconv": "*",
                "php": "^5.4|^7.0"
            },
            "require-dev": {
                "phpunit/phpunit": "^4.8"
            },
            "suggest": {
                "ext-gd": "to generate QR code images"
            },
            "type": "library",
            "autoload": {
                "psr-0": {
                    "BaconQrCode": "src/"
                }
            },
            "notification-url": "https://packagist.org/downloads/",
            "license": [
                "BSD-2-Clause"
            ],
            "authors": [
                {
                    "name": "Ben Scholzen 'DASPRiD'",
                    "email": "mail@dasprids.de",
                    "homepage": "http://www.dasprids.de",
                    "role": "Developer"
                }
            ],
            "description": "BaconQrCode is a QR code generator for PHP.",
            "homepage": "https://github.com/Bacon/BaconQrCode",
            "time": "2017-10-17T09:59:25+00:00"
        },
        {
            "name": "dompdf/dompdf",
            "version": "v0.8.6",
            "source": {
                "type": "git",
                "url": "https://github.com/dompdf/dompdf.git",
                "reference": "db91d81866c69a42dad1d2926f61515a1e3f42c5"
            },
            "dist": {
                "type": "zip",
                "url": "https://api.github.com/repos/dompdf/dompdf/zipball/db91d81866c69a42dad1d2926f61515a1e3f42c5",
                "reference": "db91d81866c69a42dad1d2926f61515a1e3f42c5",
                "shasum": ""
            },
            "require": {
                "ext-dom": "*",
                "ext-mbstring": "*",
                "phenx/php-font-lib": "^0.5.2",
                "phenx/php-svg-lib": "^0.3.3",
                "php": "^7.1"
            },
            "require-dev": {
                "mockery/mockery": "^1.3",
                "phpunit/phpunit": "^7.5",
                "squizlabs/php_codesniffer": "^3.5"
            },
            "suggest": {
                "ext-gd": "Needed to process images",
                "ext-gmagick": "Improves image processing performance",
                "ext-imagick": "Improves image processing performance",
                "ext-zlib": "Needed for pdf stream compression"
            },
            "type": "library",
            "extra": {
                "branch-alias": {
                    "dev-develop": "0.7-dev"
                }
            },
            "autoload": {
                "psr-4": {
                    "Dompdf\\": "src/"
                },
                "classmap": [
                    "lib/"
                ]
            },
            "notification-url": "https://packagist.org/downloads/",
            "license": [
                "LGPL-2.1"
            ],
            "authors": [
                {
                    "name": "Fabien Ménager",
                    "email": "fabien.menager@gmail.com"
                },
                {
                    "name": "Brian Sweeney",
                    "email": "eclecticgeek@gmail.com"
                },
                {
                    "name": "Gabriel Bull",
                    "email": "me@gabrielbull.com"
                }
            ],
            "description": "DOMPDF is a CSS 2.1 compliant HTML to PDF converter",
            "homepage": "https://github.com/dompdf/dompdf",
            "time": "2020-08-30T22:54:22+00:00"
        },
        {
            "name": "firebase/php-jwt",
            "version": "v5.2.0",
            "source": {
                "type": "git",
                "url": "https://github.com/firebase/php-jwt.git",
                "reference": "feb0e820b8436873675fd3aca04f3728eb2185cb"
            },
            "dist": {
                "type": "zip",
                "url": "https://api.github.com/repos/firebase/php-jwt/zipball/feb0e820b8436873675fd3aca04f3728eb2185cb",
                "reference": "feb0e820b8436873675fd3aca04f3728eb2185cb",
                "shasum": ""
            },
            "require": {
                "php": ">=5.3.0"
            },
            "require-dev": {
                "phpunit/phpunit": ">=4.8 <=9"
            },
            "type": "library",
            "autoload": {
                "psr-4": {
                    "Firebase\\JWT\\": "src"
                }
            },
            "notification-url": "https://packagist.org/downloads/",
            "license": [
                "BSD-3-Clause"
            ],
            "authors": [
                {
                    "name": "Neuman Vong",
                    "email": "neuman+pear@twilio.com",
                    "role": "Developer"
                },
                {
                    "name": "Anant Narayanan",
                    "email": "anant@php.net",
                    "role": "Developer"
                }
            ],
            "description": "A simple library to encode and decode JSON Web Tokens (JWT) in PHP. Should conform to the current spec.",
            "homepage": "https://github.com/firebase/php-jwt",
            "keywords": [
                "jwt",
                "php"
            ],
            "time": "2020-03-25T18:49:23+00:00"
        },
        {
            "name": "justinrainbow/json-schema",
            "version": "5.2.10",
            "source": {
                "type": "git",
                "url": "https://github.com/justinrainbow/json-schema.git",
                "reference": "2ba9c8c862ecd5510ed16c6340aa9f6eadb4f31b"
            },
            "dist": {
                "type": "zip",
                "url": "https://api.github.com/repos/justinrainbow/json-schema/zipball/2ba9c8c862ecd5510ed16c6340aa9f6eadb4f31b",
                "reference": "2ba9c8c862ecd5510ed16c6340aa9f6eadb4f31b",
                "shasum": ""
            },
            "require": {
                "php": ">=5.3.3"
            },
            "require-dev": {
                "friendsofphp/php-cs-fixer": "~2.2.20||~2.15.1",
                "json-schema/json-schema-test-suite": "1.2.0",
                "phpunit/phpunit": "^4.8.35"
            },
            "bin": [
                "bin/validate-json"
            ],
            "type": "library",
            "extra": {
                "branch-alias": {
                    "dev-master": "5.0.x-dev"
                }
            },
            "autoload": {
                "psr-4": {
                    "JsonSchema\\": "src/JsonSchema/"
                }
            },
            "notification-url": "https://packagist.org/downloads/",
            "license": [
                "MIT"
            ],
            "authors": [
                {
                    "name": "Bruno Prieto Reis",
                    "email": "bruno.p.reis@gmail.com"
                },
                {
                    "name": "Justin Rainbow",
                    "email": "justin.rainbow@gmail.com"
                },
                {
                    "name": "Igor Wiedler",
                    "email": "igor@wiedler.ch"
                },
                {
                    "name": "Robert Schönthal",
                    "email": "seroscho@googlemail.com"
                }
            ],
            "description": "A library to validate a json schema.",
            "homepage": "https://github.com/justinrainbow/json-schema",
            "keywords": [
                "json",
                "schema"
            ],
            "time": "2020-05-27T16:41:55+00:00"
        },
        {
            "name": "league/flysystem",
            "version": "1.1.3",
            "source": {
                "type": "git",
                "url": "https://github.com/thephpleague/flysystem.git",
                "reference": "9be3b16c877d477357c015cec057548cf9b2a14a"
            },
            "dist": {
                "type": "zip",
                "url": "https://api.github.com/repos/thephpleague/flysystem/zipball/9be3b16c877d477357c015cec057548cf9b2a14a",
                "reference": "9be3b16c877d477357c015cec057548cf9b2a14a",
                "shasum": ""
            },
            "require": {
                "ext-fileinfo": "*",
                "league/mime-type-detection": "^1.3",
                "php": "^7.2.5 || ^8.0"
            },
            "conflict": {
                "league/flysystem-sftp": "<1.0.6"
            },
            "require-dev": {
                "phpspec/prophecy": "^1.11.1",
                "phpunit/phpunit": "^8.5.8"
            },
            "suggest": {
                "ext-fileinfo": "Required for MimeType",
                "ext-ftp": "Allows you to use FTP server storage",
                "ext-openssl": "Allows you to use FTPS server storage",
                "league/flysystem-aws-s3-v2": "Allows you to use S3 storage with AWS SDK v2",
                "league/flysystem-aws-s3-v3": "Allows you to use S3 storage with AWS SDK v3",
                "league/flysystem-azure": "Allows you to use Windows Azure Blob storage",
                "league/flysystem-cached-adapter": "Flysystem adapter decorator for metadata caching",
                "league/flysystem-eventable-filesystem": "Allows you to use EventableFilesystem",
                "league/flysystem-rackspace": "Allows you to use Rackspace Cloud Files",
                "league/flysystem-sftp": "Allows you to use SFTP server storage via phpseclib",
                "league/flysystem-webdav": "Allows you to use WebDAV storage",
                "league/flysystem-ziparchive": "Allows you to use ZipArchive adapter",
                "spatie/flysystem-dropbox": "Allows you to use Dropbox storage",
                "srmklive/flysystem-dropbox-v2": "Allows you to use Dropbox storage for PHP 5 applications"
            },
            "type": "library",
            "extra": {
                "branch-alias": {
                    "dev-master": "1.1-dev"
                }
            },
            "autoload": {
                "psr-4": {
                    "League\\Flysystem\\": "src/"
                }
            },
            "notification-url": "https://packagist.org/downloads/",
            "license": [
                "MIT"
            ],
            "authors": [
                {
                    "name": "Frank de Jonge",
                    "email": "info@frenky.net"
                }
            ],
            "description": "Filesystem abstraction: Many filesystems, one API.",
            "keywords": [
                "Cloud Files",
                "WebDAV",
                "abstraction",
                "aws",
                "cloud",
                "copy.com",
                "dropbox",
                "file systems",
                "files",
                "filesystem",
                "filesystems",
                "ftp",
                "rackspace",
                "remote",
                "s3",
                "sftp",
                "storage"
            ],
            "funding": [
                {
                    "url": "https://offset.earth/frankdejonge",
                    "type": "other"
                }
            ],
            "time": "2020-08-23T07:39:11+00:00"
        },
        {
            "name": "league/mime-type-detection",
            "version": "1.5.0",
            "source": {
                "type": "git",
                "url": "https://github.com/thephpleague/mime-type-detection.git",
                "reference": "ea2fbfc988bade315acd5967e6d02274086d0f28"
            },
            "dist": {
                "type": "zip",
                "url": "https://api.github.com/repos/thephpleague/mime-type-detection/zipball/ea2fbfc988bade315acd5967e6d02274086d0f28",
                "reference": "ea2fbfc988bade315acd5967e6d02274086d0f28",
                "shasum": ""
            },
            "require": {
                "ext-fileinfo": "*",
                "php": "^7.2 || ^8.0"
            },
            "require-dev": {
                "phpstan/phpstan": "^0.12.36",
                "phpunit/phpunit": "^8.5.8"
            },
            "type": "library",
            "autoload": {
                "psr-4": {
                    "League\\MimeTypeDetection\\": "src"
                }
            },
            "notification-url": "https://packagist.org/downloads/",
            "license": [
                "MIT"
            ],
            "authors": [
                {
                    "name": "Frank de Jonge",
                    "email": "info@frankdejonge.nl"
                }
            ],
            "description": "Mime-type detection for Flysystem",
            "funding": [
                {
                    "url": "https://github.com/frankdejonge",
                    "type": "github"
                },
                {
                    "url": "https://tidelift.com/funding/github/packagist/league/flysystem",
                    "type": "tidelift"
                }
            ],
            "time": "2020-09-21T18:10:53+00:00"
        },
        {
            "name": "linfo/linfo",
            "version": "v4.0.4",
            "source": {
                "type": "git",
                "url": "git@github.com:jrgp/linfo.git",
                "reference": "2cd1edf906b9ee4dbecfac7a4829d45ce9d585c0"
            },
            "dist": {
                "type": "zip",
                "url": "https://api.github.com/repos/jrgp/linfo/zipball/2cd1edf906b9ee4dbecfac7a4829d45ce9d585c0",
                "reference": "2cd1edf906b9ee4dbecfac7a4829d45ce9d585c0",
                "shasum": ""
            },
            "require": {
                "ext-pcre": "*",
                "php": ">=5.4.0"
            },
            "require-dev": {
                "phpunit/phpunit": "4.8.*"
            },
            "suggest": {
                "ext-com": "On Windows"
            },
            "type": "library",
            "autoload": {
                "psr-4": {
                    "Linfo\\": "src/Linfo"
                }
            },
            "notification-url": "https://packagist.org/downloads/",
            "license": [
                "MIT"
            ],
            "authors": [
                {
                    "name": "Joe Gillotti",
                    "email": "joe@joegillotti.com",
                    "homepage": "http://joegillotti.com",
                    "role": "Author"
                }
            ],
            "description": "App and library for easily parsing and displaying system information of the host, like network/torrents/cpu/memory/usb/pci/sound cards/filesystems/raid array/ipmi/etc.",
            "homepage": "http://github.com/jrgp/linfo",
            "keywords": [
                "CPU",
                "health",
                "linux",
                "specs",
                "system"
            ],
            "time": "2019-10-21T21:47:56+00:00"
        },
        {
            "name": "neitanod/forceutf8",
            "version": "v2.0.4",
            "source": {
                "type": "git",
                "url": "https://github.com/neitanod/forceutf8.git",
                "reference": "c1fbe70bfb5ad41b8ec5785056b0e308b40d4831"
            },
            "dist": {
                "type": "zip",
                "url": "https://api.github.com/repos/neitanod/forceutf8/zipball/c1fbe70bfb5ad41b8ec5785056b0e308b40d4831",
                "reference": "c1fbe70bfb5ad41b8ec5785056b0e308b40d4831",
                "shasum": ""
            },
            "require": {
                "php": ">=5.3.0"
            },
            "type": "library",
            "autoload": {
                "psr-0": {
                    "ForceUTF8\\": "src/"
                }
            },
            "notification-url": "https://packagist.org/downloads/",
            "license": [
                "BSD-3-Clause"
            ],
            "authors": [
                {
                    "name": "Sebastián Grignoli",
                    "email": "grignoli@gmail.com"
                }
            ],
            "description": "PHP Class Encoding featuring popular Encoding::toUTF8() function --formerly known as forceUTF8()-- that fixes mixed encoded strings.",
            "homepage": "https://github.com/neitanod/forceutf8",
            "time": "2019-12-10T14:09:14+00:00"
        },
        {
            "name": "nfephp-org/sped-common",
            "version": "v5.0.47",
            "source": {
                "type": "git",
                "url": "https://github.com/nfephp-org/sped-common.git",
                "reference": "2938c8f77ec2e16e18120669d2b1d3422a672956"
            },
            "dist": {
                "type": "zip",
                "url": "https://api.github.com/repos/nfephp-org/sped-common/zipball/2938c8f77ec2e16e18120669d2b1d3422a672956",
                "reference": "2938c8f77ec2e16e18120669d2b1d3422a672956",
                "shasum": ""
            },
            "require": {
                "ext-curl": "*",
                "ext-dom": "*",
                "ext-mbstring": "*",
                "ext-openssl": "*",
                "ext-soap": "*",
                "league/flysystem": "^1.0",
                "neitanod/forceutf8": "^2.0",
                "php": ">=7.0",
                "psr/log": "^1.0"
            },
            "require-dev": {
                "jakub-onderka/php-console-highlighter": "^0.3.2",
                "jakub-onderka/php-parallel-lint": "^0.9.2",
                "phpstan/phpstan": "^0.9.2",
                "phpunit/phpunit": "^5.7",
                "scrutinizer/ocular": "^1.3",
                "sebastian/phpcpd": "^3.0",
                "squizlabs/php_codesniffer": "^3.4"
            },
            "type": "library",
            "extra": {
                "branch-alias": {
                    "dev-v5.0": "5.0-dev"
                }
            },
            "autoload": {
                "psr-4": {
                    "NFePHP\\Common\\": "src/"
                }
            },
            "notification-url": "https://packagist.org/downloads/",
            "license": [
                "LGPL-3.0-or-later",
                "GPL-3.0-or-later",
                "MIT"
            ],
            "authors": [
                {
                    "name": "Roberto L. Machado",
                    "email": "linux.rlm@gmail.com.br",
                    "homepage": "http://www.nfephp.org",
                    "role": "Developer"
                },
                {
                    "name": "Comunidade NFePHP",
                    "homepage": "https://github.com/nfephp-org/sped-common/graphs/contributors"
                }
            ],
            "description": "sped-common é parte do projeto NFePHP.",
            "homepage": "https://github.com/nfephp-org/sped-common",
            "keywords": [
                "nfe",
                "nfephp",
                "sped"
            ],
            "time": "2020-06-25T14:38:06+00:00"
        },
        {
            "name": "nfephp-org/sped-gtin",
            "version": "v1.0.7",
            "source": {
                "type": "git",
                "url": "https://github.com/nfephp-org/sped-gtin.git",
                "reference": "12bdf877560641a461c9943270f9d85c45c4c4cb"
            },
            "dist": {
                "type": "zip",
                "url": "https://api.github.com/repos/nfephp-org/sped-gtin/zipball/12bdf877560641a461c9943270f9d85c45c4c4cb",
                "reference": "12bdf877560641a461c9943270f9d85c45c4c4cb",
                "shasum": ""
            },
            "require": {
                "php": ">= 5.6"
            },
            "require-dev": {
                "phpmd/phpmd": "dev-master",
                "phpunit/phpunit": "^5.7",
                "scrutinizer/ocular": "^1.3",
                "sebastian/phpcpd": "^3.0",
                "squizlabs/php_codesniffer": "^2.8"
            },
            "type": "library",
            "extra": {
                "branch-alias": {
                    "v1.0": "1.0-dev"
                }
            },
            "autoload": {
                "psr-4": {
                    "NFePHP\\Gtin\\": "src/"
                }
            },
            "notification-url": "https://packagist.org/downloads/",
            "license": [
                "LGPL-3.0-or-later",
                "GPL-3.0-or-later",
                "MIT"
            ],
            "authors": [
                {
                    "name": "Roberto L. Machado",
                    "email": "linux.rlm@gmail.com.br",
                    "homepage": "https://github.com/nfephp-org",
                    "role": "Developer"
                },
                {
                    "name": "Comunidade NFePHP",
                    "homepage": "https://github.com/nfephp-org/sped-gtin/graphs/contributors"
                }
            ],
            "description": "Classes for validation of GTIN codes.",
            "homepage": "https://github.com/nfephp-org/sped-gtin",
            "keywords": [
                "gtin",
                "nfce",
                "nfe",
                "nfephp",
                "sped"
            ],
            "time": "2018-09-25T19:27:11+00:00"
        },
        {
            "name": "nfephp-org/sped-nfe",
            "version": "v5.0.106",
            "source": {
                "type": "git",
                "url": "https://github.com/nfephp-org/sped-nfe.git",
                "reference": "10e159adae970cf7e28c75f7d113bb7edd314078"
            },
            "dist": {
                "type": "zip",
                "url": "https://api.github.com/repos/nfephp-org/sped-nfe/zipball/10e159adae970cf7e28c75f7d113bb7edd314078",
                "reference": "10e159adae970cf7e28c75f7d113bb7edd314078",
                "shasum": ""
            },
            "require": {
                "ext-dom": "*",
                "ext-json": "*",
                "ext-libxml": "*",
                "ext-openssl": "*",
                "ext-simplexml": "*",
                "ext-soap": "*",
                "ext-zlib": "*",
                "justinrainbow/json-schema": "^5.2",
                "nfephp-org/sped-common": "^5.0",
                "nfephp-org/sped-gtin": "^1.0",
                "php": ">= 7.0"
            },
            "require-dev": {
                "phpstan/phpstan": "^0.9.2",
                "phpunit/phpunit": "^7.5",
                "scrutinizer/ocular": "^1.3",
                "sebastian/phpcpd": "^4.1",
                "squizlabs/php_codesniffer": "^3.4"
            },
            "type": "library",
            "extra": {
                "branch-alias": {
                    "v5.0": "5.0-dev"
                }
            },
            "autoload": {
                "psr-4": {
                    "NFePHP\\NFe\\": "src/"
                }
            },
            "notification-url": "https://packagist.org/downloads/",
            "license": [
                "LGPL-3.0-or-later",
                "GPL-3.0-or-later",
                "MIT"
            ],
            "authors": [
                {
                    "name": "Roberto L. Machado",
                    "email": "linux.rlm@gmail.com.br",
                    "homepage": "http://www.nfephp.org",
                    "role": "Developer"
                },
                {
                    "name": "Comunidade NFePHP",
                    "homepage": "https://github.com/nfephp-org/sped-nfe/graphs/contributors"
                }
            ],
            "description": "API para geração e comunicação da NFe e NFCe com as SEFAZ autorizadoras.",
            "homepage": "https://github.com/nfephp-org/sped-nfe",
            "keywords": [
                "nfce",
                "nfe",
                "nfephp",
                "sped"
            ],
            "time": "2020-06-08T19:54:33+00:00"
        },
        {
            "name": "pablodalloglio/ole",
            "version": "dev-master",
            "source": {
                "type": "git",
                "url": "https://github.com/pablodalloglio/ole.git",
                "reference": "b5698257fc21f3a8734c63c9224df9c48cba8d6f"
            },
            "dist": {
                "type": "zip",
                "url": "https://api.github.com/repos/pablodalloglio/ole/zipball/b5698257fc21f3a8734c63c9224df9c48cba8d6f",
                "reference": "b5698257fc21f3a8734c63c9224df9c48cba8d6f",
                "shasum": ""
            },
            "type": "library",
            "autoload": {
                "psr-0": {
                    "OLE": "./"
                }
            },
            "include-path": [
                "./"
            ],
            "license": [
                "PHP"
            ],
            "authors": [
                {
                    "email": "schmidt@php.net",
                    "name": "Christian Schmidt",
                    "role": "Lead"
                },
                {
                    "email": "xnoguer@php.net",
                    "name": "Xavier Noguer",
                    "role": "Lead"
                }
            ],
            "description": "More info available on: http://pear.php.net/package/OLE",
            "support": {
                "issues": "http://pear.php.net/bugs/search.php?cmd=display&package_name[]=OLE",
                "source": "https://github.com/pablodalloglio/OLE"
            },
            "time": "2018-04-26T14:25:39+00:00"
        },
        {
            "name": "pablodalloglio/spreadsheet_excel_writer",
            "version": "dev-master",
            "source": {
                "type": "git",
                "url": "https://github.com/pablodalloglio/spreadsheet_excel_writer.git",
                "reference": "84e5c1a4aa9b93ba1750c33ece6ae25eb19d2851"
            },
            "dist": {
                "type": "zip",
                "url": "https://api.github.com/repos/pablodalloglio/spreadsheet_excel_writer/zipball/84e5c1a4aa9b93ba1750c33ece6ae25eb19d2851",
                "reference": "84e5c1a4aa9b93ba1750c33ece6ae25eb19d2851",
                "shasum": ""
            },
            "require": {
                "pablodalloglio/ole": "*",
                "php": ">=5.3.3"
            },
            "type": "library",
            "autoload": {
                "psr-0": {
                    "Spreadsheet": ""
                }
            },
            "autoload-dev": {
                "psr-0": {
                    "Test": "test"
                }
            },
            "include-path": [
                "./"
            ],
            "license": [
                "LGPL"
            ],
            "authors": [
                {
                    "email": "cschmitz@limesurvey.org",
                    "name": "Carsten Schmitz",
                    "role": "Lead"
                },
                {
                    "email": "xnoguer@php.net",
                    "name": "Xavier Noguer",
                    "role": "Lead"
                },
                {
                    "email": "progi1984@gmail.com",
                    "name": "Franck Lefevre",
                    "role": "Developer"
                },
                {
                    "email": "tuupola@appelsiini.net",
                    "name": "Mika Tuupola",
                    "role": "Developer"
                }
            ],
            "description": "More info available on: http://pear.php.net/package/Spreadsheet_Excel_Writer",
            "support": {
                "issues": "http://pear.php.net/bugs/search.php?cmd=display&package_name[]=Spreadsheet_Excel_Writer",
                "source": "https://github.com/pear/Spreadsheet_Excel_Writer"
            },
            "time": "2018-04-26T14:06:36+00:00"
        },
        {
            "name": "phenx/php-font-lib",
            "version": "0.5.2",
            "source": {
                "type": "git",
                "url": "https://github.com/PhenX/php-font-lib.git",
                "reference": "ca6ad461f032145fff5971b5985e5af9e7fa88d8"
            },
            "dist": {
                "type": "zip",
                "url": "https://api.github.com/repos/PhenX/php-font-lib/zipball/ca6ad461f032145fff5971b5985e5af9e7fa88d8",
                "reference": "ca6ad461f032145fff5971b5985e5af9e7fa88d8",
                "shasum": ""
            },
            "require-dev": {
                "phpunit/phpunit": "^4.8.35 || ^5 || ^6 || ^7"
            },
            "type": "library",
            "autoload": {
                "psr-4": {
                    "FontLib\\": "src/FontLib"
                }
            },
            "notification-url": "https://packagist.org/downloads/",
            "license": [
                "LGPL-3.0"
            ],
            "authors": [
                {
                    "name": "Fabien Ménager",
                    "email": "fabien.menager@gmail.com"
                }
            ],
            "description": "A library to read, parse, export and make subsets of different types of font files.",
            "homepage": "https://github.com/PhenX/php-font-lib",
            "time": "2020-03-08T15:31:32+00:00"
        },
        {
            "name": "phenx/php-svg-lib",
            "version": "v0.3.3",
            "source": {
                "type": "git",
                "url": "https://github.com/PhenX/php-svg-lib.git",
                "reference": "5fa61b65e612ce1ae15f69b3d223cb14ecc60e32"
            },
            "dist": {
                "type": "zip",
                "url": "https://api.github.com/repos/PhenX/php-svg-lib/zipball/5fa61b65e612ce1ae15f69b3d223cb14ecc60e32",
                "reference": "5fa61b65e612ce1ae15f69b3d223cb14ecc60e32",
                "shasum": ""
            },
            "require": {
                "sabberworm/php-css-parser": "^8.3"
            },
            "require-dev": {
                "phpunit/phpunit": "^5.5|^6.5"
            },
            "type": "library",
            "autoload": {
                "psr-4": {
                    "Svg\\": "src/Svg"
                }
            },
            "notification-url": "https://packagist.org/downloads/",
            "license": [
                "LGPL-3.0"
            ],
            "authors": [
                {
                    "name": "Fabien Ménager",
                    "email": "fabien.menager@gmail.com"
                }
            ],
            "description": "A library to read, parse and export to PDF SVG files.",
            "homepage": "https://github.com/PhenX/php-svg-lib",
            "time": "2019-09-11T20:02:13+00:00"
        },
        {
            "name": "phpmailer/phpmailer",
            "version": "v6.1.8",
            "source": {
                "type": "git",
                "url": "https://github.com/PHPMailer/PHPMailer.git",
                "reference": "917ab212fa00dc6eacbb26e8bc387ebe40993bc1"
            },
            "dist": {
                "type": "zip",
                "url": "https://api.github.com/repos/PHPMailer/PHPMailer/zipball/917ab212fa00dc6eacbb26e8bc387ebe40993bc1",
                "reference": "917ab212fa00dc6eacbb26e8bc387ebe40993bc1",
                "shasum": ""
            },
            "require": {
                "ext-ctype": "*",
                "ext-filter": "*",
                "ext-hash": "*",
                "php": ">=5.5.0"
            },
            "require-dev": {
                "doctrine/annotations": "^1.2",
                "friendsofphp/php-cs-fixer": "^2.2",
                "phpunit/phpunit": "^4.8 || ^5.7"
            },
            "suggest": {
                "ext-mbstring": "Needed to send email in multibyte encoding charset",
                "hayageek/oauth2-yahoo": "Needed for Yahoo XOAUTH2 authentication",
                "league/oauth2-google": "Needed for Google XOAUTH2 authentication",
                "psr/log": "For optional PSR-3 debug logging",
                "stevenmaguire/oauth2-microsoft": "Needed for Microsoft XOAUTH2 authentication",
                "symfony/polyfill-mbstring": "To support UTF-8 if the Mbstring PHP extension is not enabled (^1.2)"
            },
            "type": "library",
            "autoload": {
                "psr-4": {
                    "PHPMailer\\PHPMailer\\": "src/"
                }
            },
            "notification-url": "https://packagist.org/downloads/",
            "license": [
                "LGPL-2.1-only"
            ],
            "authors": [
                {
                    "name": "Marcus Bointon",
                    "email": "phpmailer@synchromedia.co.uk"
                },
                {
                    "name": "Jim Jagielski",
                    "email": "jimjag@gmail.com"
                },
                {
                    "name": "Andy Prevost",
                    "email": "codeworxtech@users.sourceforge.net"
                },
                {
                    "name": "Brent R. Matzelle"
                }
            ],
            "description": "PHPMailer is a full-featured email creation and transfer class for PHP",
            "funding": [
                {
                    "url": "https://github.com/synchro",
                    "type": "github"
                }
            ],
            "time": "2020-10-09T14:55:58+00:00"
        },
        {
            "name": "phprtflite/phprtflite",
            "version": "v1.3.3",
            "source": {
                "type": "git",
                "url": "https://github.com/phprtflite/PHPRtfLite.git",
                "reference": "eef76d965fc7a0cb4c7342f229f67ad4793c61c2"
            },
            "dist": {
                "type": "zip",
                "url": "https://api.github.com/repos/phprtflite/PHPRtfLite/zipball/eef76d965fc7a0cb4c7342f229f67ad4793c61c2",
                "reference": "eef76d965fc7a0cb4c7342f229f67ad4793c61c2",
                "shasum": ""
            },
            "type": "library",
            "autoload": {
                "psr-0": {
                    "PHPRtfLite": "lib/"
                }
            },
            "notification-url": "https://packagist.org/downloads/",
            "license": [
                "GPL-3.0"
            ],
            "authors": [
                {
                    "name": "Steffen Zeidler",
                    "email": "sigma_z@sigma-scripts.de"
                }
            ],
            "description": "PHPRtfLite is an API enabling developers to create rtf documents with php.",
            "time": "2014-07-04T19:43:18+00:00"
        },
        {
            "name": "picqer/php-barcode-generator",
            "version": "v0.2.2",
            "source": {
                "type": "git",
                "url": "https://github.com/picqer/php-barcode-generator.git",
                "reference": "f754cbd592f3131af144dfcc6a3090fd0f6d1793"
            },
            "dist": {
                "type": "zip",
                "url": "https://api.github.com/repos/picqer/php-barcode-generator/zipball/f754cbd592f3131af144dfcc6a3090fd0f6d1793",
                "reference": "f754cbd592f3131af144dfcc6a3090fd0f6d1793",
                "shasum": ""
            },
            "require": {
                "php": ">=5.4.0"
            },
            "require-dev": {
                "phpunit/phpunit": "^5.3"
            },
            "type": "library",
            "autoload": {
                "psr-4": {
                    "Picqer\\Barcode\\": "src"
                }
            },
            "notification-url": "https://packagist.org/downloads/",
            "license": [
                "LGPLv3"
            ],
            "authors": [
                {
                    "name": "Nicola Asuni",
                    "email": "info@tecnick.com",
                    "homepage": "http://nicolaasuni.tecnick.com"
                },
                {
                    "name": "Casper Bakker",
                    "email": "info@picqer.com"
                }
            ],
            "description": "An easy to use, non-bloated, barcode generator in PHP. Creates SVG, PNG, JPG and HTML images from the most used 1D barcode standards.",
            "homepage": "http://github.com/picqer/php-barcode-generator",
            "keywords": [
                "CODABAR",
                "Code11",
                "Code93",
                "EAN13",
                "KIX",
                "KIXCODE",
                "MSI",
                "POSTNET",
                "Pharma",
                "Standard 2 of 5",
                "barcode",
                "barcode generator",
                "code128",
                "code39",
                "ean",
                "html",
                "jpeg",
                "jpg",
                "php",
                "png",
                "svg",
                "upc"
            ],
            "time": "2017-09-28T19:23:19+00:00"
        },
        {
            "name": "psr/log",
            "version": "1.1.3",
            "source": {
                "type": "git",
                "url": "https://github.com/php-fig/log.git",
                "reference": "0f73288fd15629204f9d42b7055f72dacbe811fc"
            },
            "dist": {
                "type": "zip",
                "url": "https://api.github.com/repos/php-fig/log/zipball/0f73288fd15629204f9d42b7055f72dacbe811fc",
                "reference": "0f73288fd15629204f9d42b7055f72dacbe811fc",
                "shasum": ""
            },
            "require": {
                "php": ">=5.3.0"
            },
            "type": "library",
            "extra": {
                "branch-alias": {
                    "dev-master": "1.1.x-dev"
                }
            },
            "autoload": {
                "psr-4": {
                    "Psr\\Log\\": "Psr/Log/"
                }
            },
            "notification-url": "https://packagist.org/downloads/",
            "license": [
                "MIT"
            ],
            "authors": [
                {
                    "name": "PHP-FIG",
                    "homepage": "http://www.php-fig.org/"
                }
            ],
            "description": "Common interface for logging libraries",
            "homepage": "https://github.com/php-fig/log",
            "keywords": [
                "log",
                "psr",
                "psr-3"
            ],
            "time": "2020-03-23T09:12:05+00:00"
        },
        {
            "name": "sabberworm/php-css-parser",
            "version": "8.3.1",
            "source": {
                "type": "git",
                "url": "https://github.com/sabberworm/PHP-CSS-Parser.git",
                "reference": "d217848e1396ef962fb1997cf3e2421acba7f796"
            },
            "dist": {
                "type": "zip",
                "url": "https://api.github.com/repos/sabberworm/PHP-CSS-Parser/zipball/d217848e1396ef962fb1997cf3e2421acba7f796",
                "reference": "d217848e1396ef962fb1997cf3e2421acba7f796",
                "shasum": ""
            },
            "require": {
                "php": ">=5.3.2"
            },
            "require-dev": {
                "codacy/coverage": "^1.4",
                "phpunit/phpunit": "~4.8"
            },
            "type": "library",
            "autoload": {
                "psr-0": {
                    "Sabberworm\\CSS": "lib/"
                }
            },
            "notification-url": "https://packagist.org/downloads/",
            "license": [
                "MIT"
            ],
            "authors": [
                {
                    "name": "Raphael Schweikert"
                }
            ],
            "description": "Parser for CSS Files written in PHP",
            "homepage": "http://www.sabberworm.com/blog/2010/6/10/php-css-parser",
            "keywords": [
                "css",
                "parser",
                "stylesheet"
            ],
            "time": "2020-06-01T09:10:00+00:00"
        },
        {
            "name": "tburry/pquery",
            "version": "v1.1.1",
            "source": {
                "type": "git",
                "url": "https://github.com/tburry/pquery.git",
                "reference": "872339ffd38d261c4417ea1855428b1b4ff9abf1"
            },
            "dist": {
                "type": "zip",
                "url": "https://api.github.com/repos/tburry/pquery/zipball/872339ffd38d261c4417ea1855428b1b4ff9abf1",
                "reference": "872339ffd38d261c4417ea1855428b1b4ff9abf1",
                "shasum": ""
            },
            "require": {
                "php": ">=5.3.0"
            },
            "require-dev": {
                "htmlawed/htmlawed": "dev-master"
            },
            "type": "library",
            "autoload": {
                "classmap": [
                    "IQuery.php",
                    "gan_formatter.php",
                    "gan_node_html.php",
                    "gan_parser_html.php",
                    "gan_selector_html.php",
                    "gan_tokenizer.php",
                    "gan_xml2array.php",
                    "pQuery.php"
                ]
            },
            "notification-url": "https://packagist.org/downloads/",
            "license": [
                "LGPL-2.1"
            ],
            "authors": [
                {
                    "name": "Todd Burry",
                    "email": "todd@vanillaforums.com",
                    "role": "developer"
                }
            ],
            "description": "A jQuery like html dom parser written in php.",
            "keywords": [
                "dom",
                "ganon",
                "php"
            ],
            "time": "2016-01-14T20:55:00+00:00"
        }
    ],
    "packages-dev": [],
    "aliases": [],
    "minimum-stability": "stable",
    "stability-flags": {
        "pablodalloglio/ole": 20,
        "pablodalloglio/spreadsheet_excel_writer": 20
    },
    "prefer-stable": false,
    "prefer-lowest": false,
    "platform": [],
    "platform-dev": [],
    "plugin-api-version": "1.1.0"
}
